// !$*UTF8*$!
{
	archiveVersion = 1;
	classes = {
	};
	objectVersion = 46;
	objects = {

/* Begin PBXBuildFile section */
		03E20BB91D804A0D002FE739 /* AppDelegate.swift in Sources */ = {isa = PBXBuildFile; fileRef = 03E20BB81D804A0D002FE739 /* AppDelegate.swift */; };
		03E20BBB1D804A0D002FE739 /* ViewController.swift in Sources */ = {isa = PBXBuildFile; fileRef = 03E20BBA1D804A0D002FE739 /* ViewController.swift */; };
		03E20BBE1D804A0D002FE739 /* Main.storyboard in Resources */ = {isa = PBXBuildFile; fileRef = 03E20BBC1D804A0D002FE739 /* Main.storyboard */; };
		03E20BC01D804A0D002FE739 /* Assets.xcassets in Resources */ = {isa = PBXBuildFile; fileRef = 03E20BBF1D804A0D002FE739 /* Assets.xcassets */; };
		03E20BC31D804A0D002FE739 /* LaunchScreen.storyboard in Resources */ = {isa = PBXBuildFile; fileRef = 03E20BC11D804A0D002FE739 /* LaunchScreen.storyboard */; };
/* End PBXBuildFile section */

/* Begin PBXFileReference section */
		03E20BB51D804A0D002FE739 /* Any和AnyObject.app */ = {isa = PBXFileReference; explicitFileType = wrapper.application; includeInIndex = 0; path = "Any和AnyObject.app"; sourceTree = BUILT_PRODUCTS_DIR; };
		03E20BB81D804A0D002FE739 /* AppDelegate.swift */ = {isa = PBXFileReference; lastKnownFileType = sourcecode.swift; path = AppDelegate.swift; sourceTree = "<group>"; };
		03E20BBA1D804A0D002FE739 /* ViewController.swift */ = {isa = PBXFileReference; lastKnownFileType = sourcecode.swift; path = ViewController.swift; sourceTree = "<group>"; };
		03E20BBD1D804A0D002FE739 /* Base */ = {isa = PBXFileReference; lastKnownFileType = file.storyboard; name = Base; path = Base.lproj/Main.storyboard; sourceTree = "<group>"; };
		03E20BBF1D804A0D002FE739 /* Assets.xcassets */ = {isa = PBXFileReference; lastKnownFileType = folder.assetcatalog; path = Assets.xcassets; sourceTree = "<group>"; };
		03E20BC21D804A0D002FE739 /* Base */ = {isa = PBXFileReference; lastKnownFileType = file.storyboard; name = Base; path = Base.lproj/LaunchScreen.storyboard; sourceTree = "<group>"; };
		03E20BC41D804A0D002FE739 /* Info.plist */ = {isa = PBXFileReference; lastKnownFileType = text.plist.xml; path = Info.plist; sourceTree = "<group>"; };
/* End PBXFileReference section */

/* Begin PBXFrameworksBuildPhase section */
		03E20BB21D804A0D002FE739 /* Frameworks */ = {
			isa = PBXFrameworksBuildPhase;
			buildActionMask = 2147483647;
			files = (
			);
			runOnlyForDeploymentPostprocessing = 0;
		};
/* End PBXFrameworksBuildPhase section */

/* Begin PBXGroup section */
		03E20BAC1D804A0D002FE739 = {
			isa = PBXGroup;
			children = (
				03E20BB71D804A0D002FE739 /* Any和AnyObject */,
				03E20BB61D804A0D002FE739 /* Products */,
			);
			sourceTree = "<group>";
		};
		03E20BB61D804A0D002FE739 /* Products */ = {
			isa = PBXGroup;
			children = (
				03E20BB51D804A0D002FE739 /* Any和AnyObject.app */,
			);
			name = Products;
			sourceTree = "<group>";
		};
		03E20BB71D804A0D002FE739 /* Any和AnyObject */ = {
			isa = PBXGroup;
			children = (
				03E20BB81D804A0D002FE739 /* AppDelegate.swift */,
				03E20BBA1D804A0D002FE739 /* ViewController.swift */,
				03E20BBC1D804A0D002FE739 /* Main.storyboard */,
				03E20BBF1D804A0D002FE739 /* Assets.xcassets */,
				03E20BC11D804A0D002FE739 /* LaunchScreen.storyboard */,
				03E20BC41D804A0D002FE739 /* Info.plist */,
			);
			path = "Any和AnyObject";
			sourceTree = "<group>";
		};
/* End PBXGroup section */

/* Begin PBXNativeTarget section */
		03E20BB41D804A0D002FE739 /* Any和AnyObject */ = {
			isa = PBXNativeTarget;
			buildConfigurationList = 03E20BC71D804A0D002FE739 /* Build configuration list for PBXNativeTarget "Any和AnyObject" */;
			buildPhases = (
				03E20BB11D804A0D002FE739 /* Sources */,
				03E20BB21D804A0D002FE739 /* Frameworks */,
				03E20BB31D804A0D002FE739 /* Resources */,
			);
			buildRules = (
			);
			dependencies = (
			);
			name = "Any和AnyObject";
			productName = "Any和AnyObject";
			productReference = 03E20BB51D804A0D002FE739 /* Any和AnyObject.app */;
			productType = "com.apple.product-type.application";
		};
/* End PBXNativeTarget section */

/* Begin PBXProject section */
		03E20BAD1D804A0D002FE739 /* Project object */ = {
			isa = PBXProject;
			attributes = {
				LastSwiftUpdateCheck = 0730;
				LastUpgradeCheck = 0730;
				ORGANIZATIONNAME = wanglili;
				TargetAttributes = {
					03E20BB41D804A0D002FE739 = {
						CreatedOnToolsVersion = 7.3.1;
					};
				};
			};
			buildConfigurationList = 03E20BB01D804A0D002FE739 /* Build configuration list for PBXProject "Any和AnyObject" */;
			compatibilityVersion = "Xcode 3.2";
			developmentRegion = English;
			hasScannedForEncodings = 0;
			knownRegions = (
				en,
				Base,
			);
			mainGroup = 03E20BAC1D804A0D002FE739;
			productRefGroup = 03E20BB61D804A0D002FE739 /* Products */;
			projectDirPath = "";
			projectRoot = "";
			targets = (
				03E20BB41D804A0D002FE739 /* Any和AnyObject */,
			);
		};
/* End PBXProject section */

/* Begin PBXResourcesBuildPhase section */
		03E20BB31D804A0D002FE739 /* Resources */ = {
			isa = PBXResourcesBuildPhase;
			buildActionMask = 2147483647;
			files = (
				03E20BC31D804A0D002FE739 /* LaunchScreen.storyboard in Resources */,
				03E20BC01D804A0D002FE739 /* Assets.xcassets in Resources */,
				03E20BBE1D804A0D002FE739 /* Main.storyboard in Resources */,
			);
			runOnlyForDeploymentPostprocessing = 0;
		};
/* End PBXResourcesBuildPhase section */

/* Begin PBXSourcesBuildPhase section */
		03E20BB11D804A0D002FE739 /* Sources */ = {
			isa = PBXSourcesBuildPhase;
			buildActionMask = 2147483647;
			files = (
				03E20BBB1D804A0D002FE739 /* ViewController.swift in Sources */,
				03E20BB91D804A0D002FE739 /* AppDelegate.swift in Sources */,
			);
			runOnlyForDeploymentPostprocessing = 0;
		};
/* End PBXSourcesBuildPhase section */

/* Begin PBXVariantGroup section */
		03E20BBC1D804A0D002FE739 /* Main.storyboard */ = {
			isa = PBXVariantGroup;
			children = (
				03E20BBD1D804A0D002FE739 /* Base */,
			);
			name = Main.storyboard;
			sourceTree = "<group>";
		};
		03E20BC11D804A0D002FE739 /* LaunchScreen.storyboard */ = {
			isa = PBXVariantGroup;
			children = (
				03E20BC21D804A0D002FE739 /* Base */,
			);
			name = LaunchScreen.storyboard;
			sourceTree = "<group>";
		};
/* End PBXVariantGroup section */

/* Begin XCBuildConfiguration section */
		03E20BC51D804A0D002FE739 /* Debug */ = {
			isa = XCBuildConfiguration;
			buildSettings = {
				ALWAYS_SEARCH_USER_PATHS = NO;
				CLANG_ANALYZER_NONNULL = YES;
				CLANG_CXX_LANGUAGE_STANDARD = "gnu++0x";
				CLANG_CXX_LIBRARY = "libc++";
				CLANG_ENABLE_MODULES = YES;
				CLANG_ENABLE_OBJC_ARC = YES;
				CLANG_WARN_BOOL_CONVERSION = YES;
				CLANG_WARN_CONSTANT_CONVERSION = YES;
				CLANG_WARN_DIRECT_OBJC_ISA_USAGE = YES_ERROR;
				CLANG_WARN_EMPTY_BODY = YES;
				CLANG_WARN_ENUM_CONVERSION = YES;
				CLANG_WARN_INT_CONVERSION = YES;
				CLANG_WARN_OBJC_ROOT_CLASS = YES_ERROR;
				CLANG_WARN_UNREACHABLE_CODE = YES;
				CLANG_WARN__DUPLICATE_METHOD_MATCH = YES;
				"CODE_SIGN_IDENTITY[sdk=iphoneos*]" = "iPhone Developer";
				COPY_PHASE_STRIP = NO;
				DEBUG_INFORMATION_FORMAT = dwarf;
				ENABLE_STRICT_OBJC_MSGSEND = YES;
				ENABLE_TESTABILITY = YES;
				GCC_C_LANGUAGE_STANDARD = gnu99;
				GCC_DYNAMIC_NO_PIC = NO;
				GCC_NO_COMMON_BLOCKS = YES;
				GCC_OPTIMIZATION_LEVEL = 0;
				GCC_PREPROCESSOR_DEFINITIONS = (
					"DEBUG=1",
					"$(inherited)",
				);
				GCC_WARN_64_TO_32_BIT_CONVERSION = YES;
				GCC_WARN_ABOUT_RETURN_TYPE = YES_ERROR;
				GCC_WARN_UNDECLARED_SELECTOR = YES;
				GCC_WARN_UNINITIALIZED_AUTOS = YES_AGGRESSIVE;
				GCC_WARN_UNUSED_FUNCTION = YES;
				GCC_WARN_UNUSED_VARIABLE = YES;
				IPHONEOS_DEPLOYMENT_TARGET = 9.3;
				MTL_ENABLE_DEBUG_INFO = YES;
				ONLY_ACTIVE_ARCH = YES;
				SDKROOT = iphoneos;
				SWIFT_OPTIMIZATION_LEVEL = "-Onone";
			};
			name = Debug;
		};
		03E20BC61D804A0D002FE739 /* Release */ = {
			isa = XCBuildConfiguration;
			buildSettings = {
				ALWAYS_SEARCH_USER_PATHS = NO;
				CLANG_ANALYZER_NONNULL = YES;
				CLANG_CXX_LANGUAGE_STANDARD = "gnu++0x";
				CLANG_CXX_LIBRARY = "libc++";
				CLANG_ENABLE_MODULES = YES;
				CLANG_ENABLE_OBJC_ARC = YES;
				CLANG_WARN_BOOL_CONVERSION = YES;
				CLANG_WARN_CONSTANT_CONVERSION = YES;
				CLANG_WARN_DIRECT_OBJC_ISA_USAGE = YES_ERROR;
				CLANG_WARN_EMPTY_BODY = YES;
				CLANG_WARN_ENUM_CONVERSION = YES;
				CLANG_WARN_INT_CONVERSION = YES;
				CLANG_WARN_OBJC_ROOT_CLASS = YES_ERROR;
				CLANG_WARN_UNREACHABLE_CODE = YES;
				CLANG_WARN__DUPLICATE_METHOD_MATCH = YES;
				"CODE_SIGN_IDENTITY[sdk=iphoneos*]" = "iPhone Developer";
				COPY_PHASE_STRIP = NO;
				DEBUG_INFORMATION_FORMAT = "dwarf-with-dsym";
				ENABLE_NS_ASSERTIONS = NO;
				ENABLE_STRICT_OBJC_MSGSEND = YES;
				GCC_C_LANGUAGE_STANDARD = gnu99;
				GCC_NO_COMMON_BLOCKS = YES;
				GCC_WARN_64_TO_32_BIT_CONVERSION = YES;
				GCC_WARN_ABOUT_RETURN_TYPE = YES_ERROR;
				GCC_WARN_UNDECLARED_SELECTOR = YES;
				GCC_WARN_UNINITIALIZED_AUTOS = YES_AGGRESSIVE;
				GCC_WARN_UNUSED_FUNCTION = YES;
				GCC_WARN_UNUSED_VARIABLE = YES;
				IPHONEOS_DEPLOYMENT_TARGET = 9.3;
				MTL_ENABLE_DEBUG_INFO = NO;
				SDKROOT = iphoneos;
				VALIDATE_PRODUCT = YES;
			};
			name = Release;
		};
		03E20BC81D804A0D002FE739 /* Debug */ = {
			isa = XCBuildConfiguration;
			buildSettings = {
				ASSETCATALOG_COMPILER_APPICON_NAME = AppIcon;
				INFOPLIST_FILE = "Any和AnyObject/Info.plist";
				LD_RUNPATH_SEARCH_PATHS = "$(inherited) @executable_path/Frameworks";
				PRODUCT_BUNDLE_IDENTIFIER = "-345.com.Any-AnyObject";
				PRODUCT_NAME = "$(TARGET_NAME)";
			};
			name = Debug;
		};
		03E20BC91D804A0D002FE739 /* Release */ = {
			isa = XCBuildConfiguration;
			buildSettings = {
				ASSETCATALOG_COMPILER_APPICON_NAME = AppIcon;
				INFOPLIST_FILE = "Any和AnyObject/Info.plist";
				LD_RUNPATH_SEARCH_PATHS = "$(inherited) @executable_path/Frameworks";
				PRODUCT_BUNDLE_IDENTIFIER = "-345.com.Any-AnyObject";
				PRODUCT_NAME = "$(TARGET_NAME)";
			};
			name = Release;
		};
/* End XCBuildConfiguration section */

/* Begin XCConfigurationList section */
		03E20BB01D804A0D002FE739 /* Build configuration list for PBXProject "Any和AnyObject" */ = {
			isa = XCConfigurationList;
			buildConfigurations = (
				03E20BC51D804A0D002FE739 /* Debug */,
				03E20BC61D804A0D002FE739 /* Release */,
			);
			defaultConfigurationIsVisible = 0;
			defaultConfigurationName = Release;
		};
		03E20BC71D804A0D002FE739 /* Build configuration list for PBXNativeTarget "Any和AnyObject" */ = {
			isa = XCConfigurationList;
			buildConfigurations = (
				03E20BC81D804A0D002FE739 /* Debug */,
				03E20BC91D804A0D002FE739 /* Release */,
			);
			defaultConfigurationIsVisible = 0;
		};
/* End XCConfigurationList section */
	};
	rootObject = 03E20BAD1D804A0D002FE739 /* Project object */;
}
