// !$*UTF8*$!
{
	archiveVersion = 1;
	classes = {
	};
	objectVersion = 46;
	objects = {

/* Begin PBXBuildFile section */
		3D1CAC761D00005D0043383D /* AppDelegate.swift in Sources */ = {isa = PBXBuildFile; fileRef = 3D1CAC751D00005D0043383D /* AppDelegate.swift */; };
		3D1CAC781D00005D0043383D /* ViewController.swift in Sources */ = {isa = PBXBuildFile; fileRef = 3D1CAC771D00005D0043383D /* ViewController.swift */; };
		3D1CAC7B1D00005D0043383D /* Main.storyboard in Resources */ = {isa = PBXBuildFile; fileRef = 3D1CAC791D00005D0043383D /* Main.storyboard */; };
		3D1CAC7D1D00005D0043383D /* Assets.xcassets in Resources */ = {isa = PBXBuildFile; fileRef = 3D1CAC7C1D00005D0043383D /* Assets.xcassets */; };
		3D1CAC801D00005D0043383D /* LaunchScreen.storyboard in Resources */ = {isa = PBXBuildFile; fileRef = 3D1CAC7E1D00005D0043383D /* LaunchScreen.storyboard */; };
		3DD348331D050E25003DC395 /* ClassOne.swift in Sources */ = {isa = PBXBuildFile; fileRef = 3DD348321D050E25003DC395 /* ClassOne.swift */; };
/* End PBXBuildFile section */

/* Begin PBXFileReference section */
		3D1CAC721D00005D0043383D /* SELECTOR.app */ = {isa = PBXFileReference; explicitFileType = wrapper.application; includeInIndex = 0; path = SELECTOR.app; sourceTree = BUILT_PRODUCTS_DIR; };
		3D1CAC751D00005D0043383D /* AppDelegate.swift */ = {isa = PBXFileReference; lastKnownFileType = sourcecode.swift; path = AppDelegate.swift; sourceTree = "<group>"; };
		3D1CAC771D00005D0043383D /* ViewController.swift */ = {isa = PBXFileReference; lastKnownFileType = sourcecode.swift; path = ViewController.swift; sourceTree = "<group>"; };
		3D1CAC7A1D00005D0043383D /* Base */ = {isa = PBXFileReference; lastKnownFileType = file.storyboard; name = Base; path = Base.lproj/Main.storyboard; sourceTree = "<group>"; };
		3D1CAC7C1D00005D0043383D /* Assets.xcassets */ = {isa = PBXFileReference; lastKnownFileType = folder.assetcatalog; path = Assets.xcassets; sourceTree = "<group>"; };
		3D1CAC7F1D00005D0043383D /* Base */ = {isa = PBXFileReference; lastKnownFileType = file.storyboard; name = Base; path = Base.lproj/LaunchScreen.storyboard; sourceTree = "<group>"; };
		3D1CAC811D00005D0043383D /* Info.plist */ = {isa = PBXFileReference; lastKnownFileType = text.plist.xml; path = Info.plist; sourceTree = "<group>"; };
		3DD348321D050E25003DC395 /* ClassOne.swift */ = {isa = PBXFileReference; fileEncoding = 4; lastKnownFileType = sourcecode.swift; path = ClassOne.swift; sourceTree = "<group>"; };
/* End PBXFileReference section */

/* Begin PBXFrameworksBuildPhase section */
		3D1CAC6F1D00005D0043383D /* Frameworks */ = {
			isa = PBXFrameworksBuildPhase;
			buildActionMask = 2147483647;
			files = (
			);
			runOnlyForDeploymentPostprocessing = 0;
		};
/* End PBXFrameworksBuildPhase section */

/* Begin PBXGroup section */
		3D1CAC691D00005D0043383D = {
			isa = PBXGroup;
			children = (
				3D1CAC741D00005D0043383D /* SELECTOR */,
				3D1CAC731D00005D0043383D /* Products */,
			);
			sourceTree = "<group>";
		};
		3D1CAC731D00005D0043383D /* Products */ = {
			isa = PBXGroup;
			children = (
				3D1CAC721D00005D0043383D /* SELECTOR.app */,
			);
			name = Products;
			sourceTree = "<group>";
		};
		3D1CAC741D00005D0043383D /* SELECTOR */ = {
			isa = PBXGroup;
			children = (
				3D1CAC751D00005D0043383D /* AppDelegate.swift */,
				3D1CAC771D00005D0043383D /* ViewController.swift */,
				3DD348321D050E25003DC395 /* ClassOne.swift */,
				3D1CAC791D00005D0043383D /* Main.storyboard */,
				3D1CAC7C1D00005D0043383D /* Assets.xcassets */,
				3D1CAC7E1D00005D0043383D /* LaunchScreen.storyboard */,
				3D1CAC811D00005D0043383D /* Info.plist */,
			);
			path = SELECTOR;
			sourceTree = "<group>";
		};
/* End PBXGroup section */

/* Begin PBXNativeTarget section */
		3D1CAC711D00005D0043383D /* SELECTOR */ = {
			isa = PBXNativeTarget;
			buildConfigurationList = 3D1CAC841D00005D0043383D /* Build configuration list for PBXNativeTarget "SELECTOR" */;
			buildPhases = (
				3D1CAC6E1D00005D0043383D /* Sources */,
				3D1CAC6F1D00005D0043383D /* Frameworks */,
				3D1CAC701D00005D0043383D /* Resources */,
			);
			buildRules = (
			);
			dependencies = (
			);
			name = SELECTOR;
			productName = SELECTOR;
			productReference = 3D1CAC721D00005D0043383D /* SELECTOR.app */;
			productType = "com.apple.product-type.application";
		};
/* End PBXNativeTarget section */

/* Begin PBXProject section */
		3D1CAC6A1D00005D0043383D /* Project object */ = {
			isa = PBXProject;
			attributes = {
				LastSwiftUpdateCheck = 0720;
				LastUpgradeCheck = 0720;
				ORGANIZATIONNAME = "陈大威";
				TargetAttributes = {
					3D1CAC711D00005D0043383D = {
						CreatedOnToolsVersion = 7.2.1;
					};
				};
			};
			buildConfigurationList = 3D1CAC6D1D00005D0043383D /* Build configuration list for PBXProject "SELECTOR" */;
			compatibilityVersion = "Xcode 3.2";
			developmentRegion = English;
			hasScannedForEncodings = 0;
			knownRegions = (
				en,
				Base,
			);
			mainGroup = 3D1CAC691D00005D0043383D;
			productRefGroup = 3D1CAC731D00005D0043383D /* Products */;
			projectDirPath = "";
			projectRoot = "";
			targets = (
				3D1CAC711D00005D0043383D /* SELECTOR */,
			);
		};
/* End PBXProject section */

/* Begin PBXResourcesBuildPhase section */
		3D1CAC701D00005D0043383D /* Resources */ = {
			isa = PBXResourcesBuildPhase;
			buildActionMask = 2147483647;
			files = (
				3D1CAC801D00005D0043383D /* LaunchScreen.storyboard in Resources */,
				3D1CAC7D1D00005D0043383D /* Assets.xcassets in Resources */,
				3D1CAC7B1D00005D0043383D /* Main.storyboard in Resources */,
			);
			runOnlyForDeploymentPostprocessing = 0;
		};
/* End PBXResourcesBuildPhase section */

/* Begin PBXSourcesBuildPhase section */
		3D1CAC6E1D00005D0043383D /* Sources */ = {
			isa = PBXSourcesBuildPhase;
			buildActionMask = 2147483647;
			files = (
				3D1CAC781D00005D0043383D /* ViewController.swift in Sources */,
				3D1CAC761D00005D0043383D /* AppDelegate.swift in Sources */,
				3DD348331D050E25003DC395 /* ClassOne.swift in Sources */,
			);
			runOnlyForDeploymentPostprocessing = 0;
		};
/* End PBXSourcesBuildPhase section */

/* Begin PBXVariantGroup section */
		3D1CAC791D00005D0043383D /* Main.storyboard */ = {
			isa = PBXVariantGroup;
			children = (
				3D1CAC7A1D00005D0043383D /* Base */,
			);
			name = Main.storyboard;
			sourceTree = "<group>";
		};
		3D1CAC7E1D00005D0043383D /* LaunchScreen.storyboard */ = {
			isa = PBXVariantGroup;
			children = (
				3D1CAC7F1D00005D0043383D /* Base */,
			);
			name = LaunchScreen.storyboard;
			sourceTree = "<group>";
		};
/* End PBXVariantGroup section */

/* Begin XCBuildConfiguration section */
		3D1CAC821D00005D0043383D /* Debug */ = {
			isa = XCBuildConfiguration;
			buildSettings = {
				ALWAYS_SEARCH_USER_PATHS = NO;
				CLANG_CXX_LANGUAGE_STANDARD = "gnu++0x";
				CLANG_CXX_LIBRARY = "libc++";
				CLANG_ENABLE_MODULES = YES;
				CLANG_ENABLE_OBJC_ARC = YES;
				CLANG_WARN_BOOL_CONVERSION = YES;
				CLANG_WARN_CONSTANT_CONVERSION = YES;
				CLANG_WARN_DIRECT_OBJC_ISA_USAGE = YES_ERROR;
				CLANG_WARN_EMPTY_BODY = YES;
				CLANG_WARN_ENUM_CONVERSION = YES;
				CLANG_WARN_INT_CONVERSION = YES;
				CLANG_WARN_OBJC_ROOT_CLASS = YES_ERROR;
				CLANG_WARN_UNREACHABLE_CODE = YES;
				CLANG_WARN__DUPLICATE_METHOD_MATCH = YES;
				"CODE_SIGN_IDENTITY[sdk=iphoneos*]" = "iPhone Developer";
				COPY_PHASE_STRIP = NO;
				DEBUG_INFORMATION_FORMAT = dwarf;
				ENABLE_STRICT_OBJC_MSGSEND = YES;
				ENABLE_TESTABILITY = YES;
				GCC_C_LANGUAGE_STANDARD = gnu99;
				GCC_DYNAMIC_NO_PIC = NO;
				GCC_NO_COMMON_BLOCKS = YES;
				GCC_OPTIMIZATION_LEVEL = 0;
				GCC_PREPROCESSOR_DEFINITIONS = (
					"DEBUG=1",
					"$(inherited)",
				);
				GCC_WARN_64_TO_32_BIT_CONVERSION = YES;
				GCC_WARN_ABOUT_RETURN_TYPE = YES_ERROR;
				GCC_WARN_UNDECLARED_SELECTOR = YES;
				GCC_WARN_UNINITIALIZED_AUTOS = YES_AGGRESSIVE;
				GCC_WARN_UNUSED_FUNCTION = YES;
				GCC_WARN_UNUSED_VARIABLE = YES;
				IPHONEOS_DEPLOYMENT_TARGET = 9.2;
				MTL_ENABLE_DEBUG_INFO = YES;
				ONLY_ACTIVE_ARCH = YES;
				SDKROOT = iphoneos;
				SWIFT_OPTIMIZATION_LEVEL = "-Onone";
			};
			name = Debug;
		};
		3D1CAC831D00005D0043383D /* Release */ = {
			isa = XCBuildConfiguration;
			buildSettings = {
				ALWAYS_SEARCH_USER_PATHS = NO;
				CLANG_CXX_LANGUAGE_STANDARD = "gnu++0x";
				CLANG_CXX_LIBRARY = "libc++";
				CLANG_ENABLE_MODULES = YES;
				CLANG_ENABLE_OBJC_ARC = YES;
				CLANG_WARN_BOOL_CONVERSION = YES;
				CLANG_WARN_CONSTANT_CONVERSION = YES;
				CLANG_WARN_DIRECT_OBJC_ISA_USAGE = YES_ERROR;
				CLANG_WARN_EMPTY_BODY = YES;
				CLANG_WARN_ENUM_CONVERSION = YES;
				CLANG_WARN_INT_CONVERSION = YES;
				CLANG_WARN_OBJC_ROOT_CLASS = YES_ERROR;
				CLANG_WARN_UNREACHABLE_CODE = YES;
				CLANG_WARN__DUPLICATE_METHOD_MATCH = YES;
				"CODE_SIGN_IDENTITY[sdk=iphoneos*]" = "iPhone Developer";
				COPY_PHASE_STRIP = NO;
				DEBUG_INFORMATION_FORMAT = "dwarf-with-dsym";
				ENABLE_NS_ASSERTIONS = NO;
				ENABLE_STRICT_OBJC_MSGSEND = YES;
				GCC_C_LANGUAGE_STANDARD = gnu99;
				GCC_NO_COMMON_BLOCKS = YES;
				GCC_WARN_64_TO_32_BIT_CONVERSION = YES;
				GCC_WARN_ABOUT_RETURN_TYPE = YES_ERROR;
				GCC_WARN_UNDECLARED_SELECTOR = YES;
				GCC_WARN_UNINITIALIZED_AUTOS = YES_AGGRESSIVE;
				GCC_WARN_UNUSED_FUNCTION = YES;
				GCC_WARN_UNUSED_VARIABLE = YES;
				IPHONEOS_DEPLOYMENT_TARGET = 9.2;
				MTL_ENABLE_DEBUG_INFO = NO;
				SDKROOT = iphoneos;
				VALIDATE_PRODUCT = YES;
			};
			name = Release;
		};
		3D1CAC851D00005D0043383D /* Debug */ = {
			isa = XCBuildConfiguration;
			buildSettings = {
				ASSETCATALOG_COMPILER_APPICON_NAME = AppIcon;
				INFOPLIST_FILE = SELECTOR/Info.plist;
				LD_RUNPATH_SEARCH_PATHS = "$(inherited) @executable_path/Frameworks";
				PRODUCT_BUNDLE_IDENTIFIER = com.william.SELECTOR;
				PRODUCT_NAME = "$(TARGET_NAME)";
			};
			name = Debug;
		};
		3D1CAC861D00005D0043383D /* Release */ = {
			isa = XCBuildConfiguration;
			buildSettings = {
				ASSETCATALOG_COMPILER_APPICON_NAME = AppIcon;
				INFOPLIST_FILE = SELECTOR/Info.plist;
				LD_RUNPATH_SEARCH_PATHS = "$(inherited) @executable_path/Frameworks";
				PRODUCT_BUNDLE_IDENTIFIER = com.william.SELECTOR;
				PRODUCT_NAME = "$(TARGET_NAME)";
			};
			name = Release;
		};
/* End XCBuildConfiguration section */

/* Begin XCConfigurationList section */
		3D1CAC6D1D00005D0043383D /* Build configuration list for PBXProject "SELECTOR" */ = {
			isa = XCConfigurationList;
			buildConfigurations = (
				3D1CAC821D00005D0043383D /* Debug */,
				3D1CAC831D00005D0043383D /* Release */,
			);
			defaultConfigurationIsVisible = 0;
			defaultConfigurationName = Release;
		};
		3D1CAC841D00005D0043383D /* Build configuration list for PBXNativeTarget "SELECTOR" */ = {
			isa = XCConfigurationList;
			buildConfigurations = (
				3D1CAC851D00005D0043383D /* Debug */,
				3D1CAC861D00005D0043383D /* Release */,
			);
			defaultConfigurationIsVisible = 0;
			defaultConfigurationName = Release;
		};
/* End XCConfigurationList section */
	};
	rootObject = 3D1CAC6A1D00005D0043383D /* Project object */;
}
