// !$*UTF8*$!
{
	archiveVersion = 1;
	classes = {
	};
	objectVersion = 46;
	objects = {

/* Begin PBXBuildFile section */
		331A8A1B1CF6A62700535846 /* AppDelegate.swift in Sources */ = {isa = PBXBuildFile; fileRef = 331A8A1A1CF6A62700535846 /* AppDelegate.swift */; };
		331A8A1D1CF6A62700535846 /* ViewController.swift in Sources */ = {isa = PBXBuildFile; fileRef = 331A8A1C1CF6A62700535846 /* ViewController.swift */; };
		331A8A201CF6A62700535846 /* Main.storyboard in Resources */ = {isa = PBXBuildFile; fileRef = 331A8A1E1CF6A62700535846 /* Main.storyboard */; };
		331A8A221CF6A62700535846 /* Assets.xcassets in Resources */ = {isa = PBXBuildFile; fileRef = 331A8A211CF6A62700535846 /* Assets.xcassets */; };
		331A8A251CF6A62700535846 /* LaunchScreen.storyboard in Resources */ = {isa = PBXBuildFile; fileRef = 331A8A231CF6A62700535846 /* LaunchScreen.storyboard */; };
		331A8D8C1CFD1D2300535846 /* Control.swift in Sources */ = {isa = PBXBuildFile; fileRef = 331A8D8B1CFD1D2300535846 /* Control.swift */; };
/* End PBXBuildFile section */

/* Begin PBXFileReference section */
		331A8A171CF6A62700535846 /* 1.柯里化(Curring).app */ = {isa = PBXFileReference; explicitFileType = wrapper.application; includeInIndex = 0; path = "1.柯里化(Curring).app"; sourceTree = BUILT_PRODUCTS_DIR; };
		331A8A1A1CF6A62700535846 /* AppDelegate.swift */ = {isa = PBXFileReference; lastKnownFileType = sourcecode.swift; path = AppDelegate.swift; sourceTree = "<group>"; };
		331A8A1C1CF6A62700535846 /* ViewController.swift */ = {isa = PBXFileReference; lastKnownFileType = sourcecode.swift; path = ViewController.swift; sourceTree = "<group>"; };
		331A8A1F1CF6A62700535846 /* Base */ = {isa = PBXFileReference; lastKnownFileType = file.storyboard; name = Base; path = Base.lproj/Main.storyboard; sourceTree = "<group>"; };
		331A8A211CF6A62700535846 /* Assets.xcassets */ = {isa = PBXFileReference; lastKnownFileType = folder.assetcatalog; path = Assets.xcassets; sourceTree = "<group>"; };
		331A8A241CF6A62700535846 /* Base */ = {isa = PBXFileReference; lastKnownFileType = file.storyboard; name = Base; path = Base.lproj/LaunchScreen.storyboard; sourceTree = "<group>"; };
		331A8A261CF6A62700535846 /* Info.plist */ = {isa = PBXFileReference; lastKnownFileType = text.plist.xml; path = Info.plist; sourceTree = "<group>"; };
		331A8D8B1CFD1D2300535846 /* Control.swift */ = {isa = PBXFileReference; fileEncoding = 4; lastKnownFileType = sourcecode.swift; path = Control.swift; sourceTree = "<group>"; };
/* End PBXFileReference section */

/* Begin PBXFrameworksBuildPhase section */
		331A8A141CF6A62700535846 /* Frameworks */ = {
			isa = PBXFrameworksBuildPhase;
			buildActionMask = 2147483647;
			files = (
			);
			runOnlyForDeploymentPostprocessing = 0;
		};
/* End PBXFrameworksBuildPhase section */

/* Begin PBXGroup section */
		331A8A0E1CF6A62700535846 = {
			isa = PBXGroup;
			children = (
				331A8A191CF6A62700535846 /* 1.柯里化(Curring) */,
				331A8A181CF6A62700535846 /* Products */,
			);
			sourceTree = "<group>";
		};
		331A8A181CF6A62700535846 /* Products */ = {
			isa = PBXGroup;
			children = (
				331A8A171CF6A62700535846 /* 1.柯里化(Curring).app */,
			);
			name = Products;
			sourceTree = "<group>";
		};
		331A8A191CF6A62700535846 /* 1.柯里化(Curring) */ = {
			isa = PBXGroup;
			children = (
				331A8A1A1CF6A62700535846 /* AppDelegate.swift */,
				331A8A1C1CF6A62700535846 /* ViewController.swift */,
				331A8A1E1CF6A62700535846 /* Main.storyboard */,
				331A8A211CF6A62700535846 /* Assets.xcassets */,
				331A8A231CF6A62700535846 /* LaunchScreen.storyboard */,
				331A8A261CF6A62700535846 /* Info.plist */,
				331A8D8B1CFD1D2300535846 /* Control.swift */,
			);
			path = "1.柯里化(Curring)";
			sourceTree = "<group>";
		};
/* End PBXGroup section */

/* Begin PBXNativeTarget section */
		331A8A161CF6A62700535846 /* 1.柯里化(Curring) */ = {
			isa = PBXNativeTarget;
			buildConfigurationList = 331A8A291CF6A62700535846 /* Build configuration list for PBXNativeTarget "1.柯里化(Curring)" */;
			buildPhases = (
				331A8A131CF6A62700535846 /* Sources */,
				331A8A141CF6A62700535846 /* Frameworks */,
				331A8A151CF6A62700535846 /* Resources */,
			);
			buildRules = (
			);
			dependencies = (
			);
			name = "1.柯里化(Curring)";
			productName = "1.柯里化(Curring)";
			productReference = 331A8A171CF6A62700535846 /* 1.柯里化(Curring).app */;
			productType = "com.apple.product-type.application";
		};
/* End PBXNativeTarget section */

/* Begin PBXProject section */
		331A8A0F1CF6A62700535846 /* Project object */ = {
			isa = PBXProject;
			attributes = {
				LastSwiftUpdateCheck = 0730;
				LastUpgradeCheck = 0730;
				ORGANIZATIONNAME = 2345;
				TargetAttributes = {
					331A8A161CF6A62700535846 = {
						CreatedOnToolsVersion = 7.3;
					};
				};
			};
			buildConfigurationList = 331A8A121CF6A62700535846 /* Build configuration list for PBXProject "1.柯里化(Curring)" */;
			compatibilityVersion = "Xcode 3.2";
			developmentRegion = English;
			hasScannedForEncodings = 0;
			knownRegions = (
				en,
				Base,
			);
			mainGroup = 331A8A0E1CF6A62700535846;
			productRefGroup = 331A8A181CF6A62700535846 /* Products */;
			projectDirPath = "";
			projectRoot = "";
			targets = (
				331A8A161CF6A62700535846 /* 1.柯里化(Curring) */,
			);
		};
/* End PBXProject section */

/* Begin PBXResourcesBuildPhase section */
		331A8A151CF6A62700535846 /* Resources */ = {
			isa = PBXResourcesBuildPhase;
			buildActionMask = 2147483647;
			files = (
				331A8A251CF6A62700535846 /* LaunchScreen.storyboard in Resources */,
				331A8A221CF6A62700535846 /* Assets.xcassets in Resources */,
				331A8A201CF6A62700535846 /* Main.storyboard in Resources */,
			);
			runOnlyForDeploymentPostprocessing = 0;
		};
/* End PBXResourcesBuildPhase section */

/* Begin PBXSourcesBuildPhase section */
		331A8A131CF6A62700535846 /* Sources */ = {
			isa = PBXSourcesBuildPhase;
			buildActionMask = 2147483647;
			files = (
				331A8A1D1CF6A62700535846 /* ViewController.swift in Sources */,
				331A8A1B1CF6A62700535846 /* AppDelegate.swift in Sources */,
				331A8D8C1CFD1D2300535846 /* Control.swift in Sources */,
			);
			runOnlyForDeploymentPostprocessing = 0;
		};
/* End PBXSourcesBuildPhase section */

/* Begin PBXVariantGroup section */
		331A8A1E1CF6A62700535846 /* Main.storyboard */ = {
			isa = PBXVariantGroup;
			children = (
				331A8A1F1CF6A62700535846 /* Base */,
			);
			name = Main.storyboard;
			sourceTree = "<group>";
		};
		331A8A231CF6A62700535846 /* LaunchScreen.storyboard */ = {
			isa = PBXVariantGroup;
			children = (
				331A8A241CF6A62700535846 /* Base */,
			);
			name = LaunchScreen.storyboard;
			sourceTree = "<group>";
		};
/* End PBXVariantGroup section */

/* Begin XCBuildConfiguration section */
		331A8A271CF6A62700535846 /* Debug */ = {
			isa = XCBuildConfiguration;
			buildSettings = {
				ALWAYS_SEARCH_USER_PATHS = NO;
				CLANG_ANALYZER_NONNULL = YES;
				CLANG_CXX_LANGUAGE_STANDARD = "gnu++0x";
				CLANG_CXX_LIBRARY = "libc++";
				CLANG_ENABLE_MODULES = YES;
				CLANG_ENABLE_OBJC_ARC = YES;
				CLANG_WARN_BOOL_CONVERSION = YES;
				CLANG_WARN_CONSTANT_CONVERSION = YES;
				CLANG_WARN_DIRECT_OBJC_ISA_USAGE = YES_ERROR;
				CLANG_WARN_EMPTY_BODY = YES;
				CLANG_WARN_ENUM_CONVERSION = YES;
				CLANG_WARN_INT_CONVERSION = YES;
				CLANG_WARN_OBJC_ROOT_CLASS = YES_ERROR;
				CLANG_WARN_UNREACHABLE_CODE = YES;
				CLANG_WARN__DUPLICATE_METHOD_MATCH = YES;
				"CODE_SIGN_IDENTITY[sdk=iphoneos*]" = "iPhone Developer";
				COPY_PHASE_STRIP = NO;
				DEBUG_INFORMATION_FORMAT = dwarf;
				ENABLE_STRICT_OBJC_MSGSEND = YES;
				ENABLE_TESTABILITY = YES;
				GCC_C_LANGUAGE_STANDARD = gnu99;
				GCC_DYNAMIC_NO_PIC = NO;
				GCC_NO_COMMON_BLOCKS = YES;
				GCC_OPTIMIZATION_LEVEL = 0;
				GCC_PREPROCESSOR_DEFINITIONS = (
					"DEBUG=1",
					"$(inherited)",
				);
				GCC_WARN_64_TO_32_BIT_CONVERSION = YES;
				GCC_WARN_ABOUT_RETURN_TYPE = YES_ERROR;
				GCC_WARN_UNDECLARED_SELECTOR = YES;
				GCC_WARN_UNINITIALIZED_AUTOS = YES_AGGRESSIVE;
				GCC_WARN_UNUSED_FUNCTION = YES;
				GCC_WARN_UNUSED_VARIABLE = YES;
				IPHONEOS_DEPLOYMENT_TARGET = 9.3;
				MTL_ENABLE_DEBUG_INFO = YES;
				ONLY_ACTIVE_ARCH = YES;
				SDKROOT = iphoneos;
				SWIFT_OPTIMIZATION_LEVEL = "-Onone";
			};
			name = Debug;
		};
		331A8A281CF6A62700535846 /* Release */ = {
			isa = XCBuildConfiguration;
			buildSettings = {
				ALWAYS_SEARCH_USER_PATHS = NO;
				CLANG_ANALYZER_NONNULL = YES;
				CLANG_CXX_LANGUAGE_STANDARD = "gnu++0x";
				CLANG_CXX_LIBRARY = "libc++";
				CLANG_ENABLE_MODULES = YES;
				CLANG_ENABLE_OBJC_ARC = YES;
				CLANG_WARN_BOOL_CONVERSION = YES;
				CLANG_WARN_CONSTANT_CONVERSION = YES;
				CLANG_WARN_DIRECT_OBJC_ISA_USAGE = YES_ERROR;
				CLANG_WARN_EMPTY_BODY = YES;
				CLANG_WARN_ENUM_CONVERSION = YES;
				CLANG_WARN_INT_CONVERSION = YES;
				CLANG_WARN_OBJC_ROOT_CLASS = YES_ERROR;
				CLANG_WARN_UNREACHABLE_CODE = YES;
				CLANG_WARN__DUPLICATE_METHOD_MATCH = YES;
				"CODE_SIGN_IDENTITY[sdk=iphoneos*]" = "iPhone Developer";
				COPY_PHASE_STRIP = NO;
				DEBUG_INFORMATION_FORMAT = "dwarf-with-dsym";
				ENABLE_NS_ASSERTIONS = NO;
				ENABLE_STRICT_OBJC_MSGSEND = YES;
				GCC_C_LANGUAGE_STANDARD = gnu99;
				GCC_NO_COMMON_BLOCKS = YES;
				GCC_WARN_64_TO_32_BIT_CONVERSION = YES;
				GCC_WARN_ABOUT_RETURN_TYPE = YES_ERROR;
				GCC_WARN_UNDECLARED_SELECTOR = YES;
				GCC_WARN_UNINITIALIZED_AUTOS = YES_AGGRESSIVE;
				GCC_WARN_UNUSED_FUNCTION = YES;
				GCC_WARN_UNUSED_VARIABLE = YES;
				IPHONEOS_DEPLOYMENT_TARGET = 9.3;
				MTL_ENABLE_DEBUG_INFO = NO;
				SDKROOT = iphoneos;
				VALIDATE_PRODUCT = YES;
			};
			name = Release;
		};
		331A8A2A1CF6A62700535846 /* Debug */ = {
			isa = XCBuildConfiguration;
			buildSettings = {
				ASSETCATALOG_COMPILER_APPICON_NAME = AppIcon;
				INFOPLIST_FILE = "1.柯里化(Curring)/Info.plist";
				LD_RUNPATH_SEARCH_PATHS = "$(inherited) @executable_path/Frameworks";
				PRODUCT_BUNDLE_IDENTIFIER = "com.2345.www.------Curring-";
				PRODUCT_NAME = "$(TARGET_NAME)";
			};
			name = Debug;
		};
		331A8A2B1CF6A62700535846 /* Release */ = {
			isa = XCBuildConfiguration;
			buildSettings = {
				ASSETCATALOG_COMPILER_APPICON_NAME = AppIcon;
				INFOPLIST_FILE = "1.柯里化(Curring)/Info.plist";
				LD_RUNPATH_SEARCH_PATHS = "$(inherited) @executable_path/Frameworks";
				PRODUCT_BUNDLE_IDENTIFIER = "com.2345.www.------Curring-";
				PRODUCT_NAME = "$(TARGET_NAME)";
			};
			name = Release;
		};
/* End XCBuildConfiguration section */

/* Begin XCConfigurationList section */
		331A8A121CF6A62700535846 /* Build configuration list for PBXProject "1.柯里化(Curring)" */ = {
			isa = XCConfigurationList;
			buildConfigurations = (
				331A8A271CF6A62700535846 /* Debug */,
				331A8A281CF6A62700535846 /* Release */,
			);
			defaultConfigurationIsVisible = 0;
			defaultConfigurationName = Release;
		};
		331A8A291CF6A62700535846 /* Build configuration list for PBXNativeTarget "1.柯里化(Curring)" */ = {
			isa = XCConfigurationList;
			buildConfigurations = (
				331A8A2A1CF6A62700535846 /* Debug */,
				331A8A2B1CF6A62700535846 /* Release */,
			);
			defaultConfigurationIsVisible = 0;
			defaultConfigurationName = Release;
		};
/* End XCConfigurationList section */
	};
	rootObject = 331A8A0F1CF6A62700535846 /* Project object */;
}
